// !$*UTF8*$!
{
	archiveVersion = 1;
	classes = {
	};
	objectVersion = 46;
	objects = {

/* Begin PBXBuildFile section */
		F23FA2841F7691DC00585F80 /* AppDelegate.swift in Sources */ = {isa = PBXBuildFile; fileRef = F23FA2831F7691DC00585F80 /* AppDelegate.swift */; };
		F23FA2861F7691DC00585F80 /* ViewController.swift in Sources */ = {isa = PBXBuildFile; fileRef = F23FA2851F7691DC00585F80 /* ViewController.swift */; };
		F23FA2891F7691DC00585F80 /* Main.storyboard in Resources */ = {isa = PBXBuildFile; fileRef = F23FA2871F7691DC00585F80 /* Main.storyboard */; };
		F23FA28B1F7691DC00585F80 /* Assets.xcassets in Resources */ = {isa = PBXBuildFile; fileRef = F23FA28A1F7691DC00585F80 /* Assets.xcassets */; };
		F23FA28E1F7691DC00585F80 /* LaunchScreen.storyboard in Resources */ = {isa = PBXBuildFile; fileRef = F23FA28C1F7691DC00585F80 /* LaunchScreen.storyboard */; };
/* End PBXBuildFile section */

/* Begin PBXFileReference section */
		F23FA2801F7691DC00585F80 /* CollectionViewInsetsDemo.app */ = {isa = PBXFileReference; explicitFileType = wrapper.application; includeInIndex = 0; path = CollectionViewInsetsDemo.app; sourceTree = BUILT_PRODUCTS_DIR; };
		F23FA2831F7691DC00585F80 /* AppDelegate.swift */ = {isa = PBXFileReference; lastKnownFileType = sourcecode.swift; path = AppDelegate.swift; sourceTree = "<group>"; };
		F23FA2851F7691DC00585F80 /* ViewController.swift */ = {isa = PBXFileReference; lastKnownFileType = sourcecode.swift; path = ViewController.swift; sourceTree = "<group>"; };
		F23FA2881F7691DC00585F80 /* Base */ = {isa = PBXFileReference; lastKnownFileType = file.storyboard; name = Base; path = Base.lproj/Main.storyboard; sourceTree = "<group>"; };
		F23FA28A1F7691DC00585F80 /* Assets.xcassets */ = {isa = PBXFileReference; lastKnownFileType = folder.assetcatalog; path = Assets.xcassets; sourceTree = "<group>"; };
		F23FA28D1F7691DC00585F80 /* Base */ = {isa = PBXFileReference; lastKnownFileType = file.storyboard; name = Base; path = Base.lproj/LaunchScreen.storyboard; sourceTree = "<group>"; };
		F23FA28F1F7691DC00585F80 /* Info.plist */ = {isa = PBXFileReference; lastKnownFileType = text.plist.xml; path = Info.plist; sourceTree = "<group>"; };
/* End PBXFileReference section */

/* Begin PBXFrameworksBuildPhase section */
		F23FA27D1F7691DC00585F80 /* Frameworks */ = {
			isa = PBXFrameworksBuildPhase;
			buildActionMask = 2147483647;
			files = (
			);
			runOnlyForDeploymentPostprocessing = 0;
		};
/* End PBXFrameworksBuildPhase section */

/* Begin PBXGroup section */
		F23FA2771F7691DC00585F80 = {
			isa = PBXGroup;
			children = (
				F23FA2821F7691DC00585F80 /* CollectionViewInsetsDemo */,
				F23FA2811F7691DC00585F80 /* Products */,
			);
			sourceTree = "<group>";
		};
		F23FA2811F7691DC00585F80 /* Products */ = {
			isa = PBXGroup;
			children = (
				F23FA2801F7691DC00585F80 /* CollectionViewInsetsDemo.app */,
			);
			name = Products;
			sourceTree = "<group>";
		};
		F23FA2821F7691DC00585F80 /* CollectionViewInsetsDemo */ = {
			isa = PBXGroup;
			children = (
				F23FA2831F7691DC00585F80 /* AppDelegate.swift */,
				F23FA2851F7691DC00585F80 /* ViewController.swift */,
				F23FA2871F7691DC00585F80 /* Main.storyboard */,
				F23FA28A1F7691DC00585F80 /* Assets.xcassets */,
				F23FA28C1F7691DC00585F80 /* LaunchScreen.storyboard */,
				F23FA28F1F7691DC00585F80 /* Info.plist */,
			);
			path = CollectionViewInsetsDemo;
			sourceTree = "<group>";
		};
/* End PBXGroup section */

/* Begin PBXNativeTarget section */
		F23FA27F1F7691DC00585F80 /* CollectionViewInsetsDemo */ = {
			isa = PBXNativeTarget;
			buildConfigurationList = F23FA2921F7691DC00585F80 /* Build configuration list for PBXNativeTarget "CollectionViewInsetsDemo" */;
			buildPhases = (
				F23FA27C1F7691DC00585F80 /* Sources */,
				F23FA27D1F7691DC00585F80 /* Frameworks */,
				F23FA27E1F7691DC00585F80 /* Resources */,
			);
			buildRules = (
			);
			dependencies = (
			);
			name = CollectionViewInsetsDemo;
			productName = CollectionViewInsetsDemo;
			productReference = F23FA2801F7691DC00585F80 /* CollectionViewInsetsDemo.app */;
			productType = "com.apple.product-type.application";
		};
/* End PBXNativeTarget section */

/* Begin PBXProject section */
		F23FA2781F7691DC00585F80 /* Project object */ = {
			isa = PBXProject;
			attributes = {
				LastSwiftUpdateCheck = 0830;
				LastUpgradeCheck = 0830;
				ORGANIZATIONNAME = "Emil Gräs";
				TargetAttributes = {
					F23FA27F1F7691DC00585F80 = {
						CreatedOnToolsVersion = 8.3.3;
						DevelopmentTeam = 92JP5CLC3B;
						ProvisioningStyle = Automatic;
					};
				};
			};
			buildConfigurationList = F23FA27B1F7691DC00585F80 /* Build configuration list for PBXProject "CollectionViewInsetsDemo" */;
			compatibilityVersion = "Xcode 3.2";
			developmentRegion = English;
			hasScannedForEncodings = 0;
			knownRegions = (
				en,
				Base,
			);
			mainGroup = F23FA2771F7691DC00585F80;
			productRefGroup = F23FA2811F7691DC00585F80 /* Products */;
			projectDirPath = "";
			projectRoot = "";
			targets = (
				F23FA27F1F7691DC00585F80 /* CollectionViewInsetsDemo */,
			);
		};
/* End PBXProject section */

/* Begin PBXResourcesBuildPhase section */
		F23FA27E1F7691DC00585F80 /* Resources */ = {
			isa = PBXResourcesBuildPhase;
			buildActionMask = 2147483647;
			files = (
				F23FA28E1F7691DC00585F80 /* LaunchScreen.storyboard in Resources */,
				F23FA28B1F7691DC00585F80 /* Assets.xcassets in Resources */,
				F23FA2891F7691DC00585F80 /* Main.storyboard in Resources */,
			);
			runOnlyForDeploymentPostprocessing = 0;
		};
/* End PBXResourcesBuildPhase section */

/* Begin PBXSourcesBuildPhase section */
		F23FA27C1F7691DC00585F80 /* Sources */ = {
			isa = PBXSourcesBuildPhase;
			buildActionMask = 2147483647;
			files = (
				F23FA2861F7691DC00585F80 /* ViewController.swift in Sources */,
				F23FA2841F7691DC00585F80 /* AppDelegate.swift in Sources */,
			);
			runOnlyForDeploymentPostprocessing = 0;
		};
/* End PBXSourcesBuildPhase section */

/* Begin PBXVariantGroup section */
		F23FA2871F7691DC00585F80 /* Main.storyboard */ = {
			isa = PBXVariantGroup;
			children = (
				F23FA2881F7691DC00585F80 /* Base */,
			);
			name = Main.storyboard;
			sourceTree = "<group>";
		};
		F23FA28C1F7691DC00585F80 /* LaunchScreen.storyboard */ = {
			isa = PBXVariantGroup;
			children = (
				F23FA28D1F7691DC00585F80 /* Base */,
			);
			name = LaunchScreen.storyboard;
			sourceTree = "<group>";
		};
/* End PBXVariantGroup section */

/* Begin XCBuildConfiguration section */
		F23FA2901F7691DC00585F80 /* Debug */ = {
			isa = XCBuildConfiguration;
			buildSettings = {
				ALWAYS_SEARCH_USER_PATHS = NO;
				CLANG_ANALYZER_NONNULL = YES;
				CLANG_ANALYZER_NUMBER_OBJECT_CONVERSION = YES_AGGRESSIVE;
				CLANG_CXX_LANGUAGE_STANDARD = "gnu++0x";
				CLANG_CXX_LIBRARY = "libc++";
				CLANG_ENABLE_MODULES = YES;
				CLANG_ENABLE_OBJC_ARC = YES;
				CLANG_WARN_BOOL_CONVERSION = YES;
				CLANG_WARN_CONSTANT_CONVERSION = YES;
				CLANG_WARN_DIRECT_OBJC_ISA_USAGE = YES_ERROR;
				CLANG_WARN_DOCUMENTATION_COMMENTS = YES;
				CLANG_WARN_EMPTY_BODY = YES;
				CLANG_WARN_ENUM_CONVERSION = YES;
				CLANG_WARN_INFINITE_RECURSION = YES;
				CLANG_WARN_INT_CONVERSION = YES;
				CLANG_WARN_OBJC_ROOT_CLASS = YES_ERROR;
				CLANG_WARN_SUSPICIOUS_MOVE = YES;
				CLANG_WARN_UNREACHABLE_CODE = YES;
				CLANG_WARN__DUPLICATE_METHOD_MATCH = YES;
				"CODE_SIGN_IDENTITY[sdk=iphoneos*]" = "iPhone Developer";
				COPY_PHASE_STRIP = NO;
				DEBUG_INFORMATION_FORMAT = dwarf;
				ENABLE_STRICT_OBJC_MSGSEND = YES;
				ENABLE_TESTABILITY = YES;
				GCC_C_LANGUAGE_STANDARD = gnu99;
				GCC_DYNAMIC_NO_PIC = NO;
				GCC_NO_COMMON_BLOCKS = YES;
				GCC_OPTIMIZATION_LEVEL = 0;
				GCC_PREPROCESSOR_DEFINITIONS = (
					"DEBUG=1",
					"$(inherited)",
				);
				GCC_WARN_64_TO_32_BIT_CONVERSION = YES;
				GCC_WARN_ABOUT_RETURN_TYPE = YES_ERROR;
				GCC_WARN_UNDECLARED_SELECTOR = YES;
				GCC_WARN_UNINITIALIZED_AUTOS = YES_AGGRESSIVE;
				GCC_WARN_UNUSED_FUNCTION = YES;
				GCC_WARN_UNUSED_VARIABLE = YES;
				IPHONEOS_DEPLOYMENT_TARGET = 10.3;
				MTL_ENABLE_DEBUG_INFO = YES;
				ONLY_ACTIVE_ARCH = YES;
				SDKROOT = iphoneos;
				SWIFT_ACTIVE_COMPILATION_CONDITIONS = DEBUG;
				SWIFT_OPTIMIZATION_LEVEL = "-Onone";
			};
			name = Debug;
		};
		F23FA2911F7691DC00585F80 /* Release */ = {
			isa = XCBuildConfiguration;
			buildSettings = {
				ALWAYS_SEARCH_USER_PATHS = NO;
				CLANG_ANALYZER_NONNULL = YES;
				CLANG_ANALYZER_NUMBER_OBJECT_CONVERSION = YES_AGGRESSIVE;
				CLANG_CXX_LANGUAGE_STANDARD = "gnu++0x";
				CLANG_CXX_LIBRARY = "libc++";
				CLANG_ENABLE_MODULES = YES;
				CLANG_ENABLE_OBJC_ARC = YES;
				CLANG_WARN_BOOL_CONVERSION = YES;
				CLANG_WARN_CONSTANT_CONVERSION = YES;
				CLANG_WARN_DIRECT_OBJC_ISA_USAGE = YES_ERROR;
				CLANG_WARN_DOCUMENTATION_COMMENTS = YES;
				CLANG_WARN_EMPTY_BODY = YES;
				CLANG_WARN_ENUM_CONVERSION = YES;
				CLANG_WARN_INFINITE_RECURSION = YES;
				CLANG_WARN_INT_CONVERSION = YES;
				CLANG_WARN_OBJC_ROOT_CLASS = YES_ERROR;
				CLANG_WARN_SUSPICIOUS_MOVE = YES;
				CLANG_WARN_UNREACHABLE_CODE = YES;
				CLANG_WARN__DUPLICATE_METHOD_MATCH = YES;
				"CODE_SIGN_IDENTITY[sdk=iphoneos*]" = "iPhone Developer";
				COPY_PHASE_STRIP = NO;
				DEBUG_INFORMATION_FORMAT = "dwarf-with-dsym";
				ENABLE_NS_ASSERTIONS = NO;
				ENABLE_STRICT_OBJC_MSGSEND = YES;
				GCC_C_LANGUAGE_STANDARD = gnu99;
				GCC_NO_COMMON_BLOCKS = YES;
				GCC_WARN_64_TO_32_BIT_CONVERSION = YES;
				GCC_WARN_ABOUT_RETURN_TYPE = YES_ERROR;
				GCC_WARN_UNDECLARED_SELECTOR = YES;
				GCC_WARN_UNINITIALIZED_AUTOS = YES_AGGRESSIVE;
				GCC_WARN_UNUSED_FUNCTION = YES;
				GCC_WARN_UNUSED_VARIABLE = YES;
				IPHONEOS_DEPLOYMENT_TARGET = 10.3;
				MTL_ENABLE_DEBUG_INFO = NO;
				SDKROOT = iphoneos;
				SWIFT_OPTIMIZATION_LEVEL = "-Owholemodule";
				VALIDATE_PRODUCT = YES;
			};
			name = Release;
		};
		F23FA2931F7691DC00585F80 /* Debug */ = {
			isa = XCBuildConfiguration;
			buildSettings = {
				ASSETCATALOG_COMPILER_APPICON_NAME = AppIcon;
				DEVELOPMENT_TEAM = 92JP5CLC3B;
				INFOPLIST_FILE = CollectionViewInsetsDemo/Info.plist;
				LD_RUNPATH_SEARCH_PATHS = "$(inherited) @executable_path/Frameworks";
				PRODUCT_BUNDLE_IDENTIFIER = com.emilgras.CollectionViewInsetsDemo;
				PRODUCT_NAME = "$(TARGET_NAME)";
				SWIFT_VERSION = 3.0;
			};
			name = Debug;
		};
		F23FA2941F7691DC00585F80 /* Release */ = {
			isa = XCBuildConfiguration;
			buildSettings = {
				ASSETCATALOG_COMPILER_APPICON_NAME = AppIcon;
				DEVELOPMENT_TEAM = 92JP5CLC3B;
				INFOPLIST_FILE = CollectionViewInsetsDemo/Info.plist;
				LD_RUNPATH_SEARCH_PATHS = "$(inherited) @executable_path/Frameworks";
				PRODUCT_BUNDLE_IDENTIFIER = com.emilgras.CollectionViewInsetsDemo;
				PRODUCT_NAME = "$(TARGET_NAME)";
				SWIFT_VERSION = 3.0;
			};
			name = Release;
		};
/* End XCBuildConfiguration section */

/* Begin XCConfigurationList section */
		F23FA27B1F7691DC00585F80 /* Build configuration list for PBXProject "CollectionViewInsetsDemo" */ = {
			isa = XCConfigurationList;
			buildConfigurations = (
				F23FA2901F7691DC00585F80 /* Debug */,
				F23FA2911F7691DC00585F80 /* Release */,
			);
			defaultConfigurationIsVisible = 0;
			defaultConfigurationName = Release;
		};
		F23FA2921F7691DC00585F80 /* Build configuration list for PBXNativeTarget "CollectionViewInsetsDemo" */ = {
			isa = XCConfigurationList;
			buildConfigurations = (
				F23FA2931F7691DC00585F80 /* Debug */,
				F23FA2941F7691DC00585F80 /* Release */,
			);
			defaultConfigurationIsVisible = 0;
		};
/* End XCConfigurationList section */
	};
	rootObject = F23FA2781F7691DC00585F80 /* Project object */;
}
